{
  "version": 4,
  "terraform_version": "1.12.2",
  "serial": 1015,
  "lineage": "868056ef-dc70-c5fe-5c19-cf6a6dfa2fd9",
  "outputs": {},
  "resources": [
    {
      "module": "module.postgresql[\"sakrd-sql\"]",
      "mode": "managed",
      "type": "google_project_service",
      "name": "enable_apis",
      "provider": "provider[\"registry.terraform.io/hashicorp/google\"]",
      "instances": [
        {
          "index_key": "cloudresourcemanager.googleapis.com",
          "schema_version": 0,
          "attributes": {
            "disable_dependent_services": null,
            "disable_on_destroy": false,
            "id": "sakrd-492305/cloudresourcemanager.googleapis.com",
            "project": "sakrd-492305",
            "service": "cloudresourcemanager.googleapis.com",
            "timeouts": null
          },
          "sensitive_attributes": [],
          "identity_schema_version": 0,
          "private": "eyJlMmJmYjczMC1lY2FhLTExZTYtOGY4OC0zNDM2M2JjN2M0YzAiOnsiY3JlYXRlIjoxMjAwMDAwMDAwMDAwLCJkZWxldGUiOjEyMDAwMDAwMDAwMDAsInJlYWQiOjYwMDAwMDAwMDAwMCwidXBkYXRlIjoxMjAwMDAwMDAwMDAwfX0="
        },
        {
          "index_key": "compute.googleapis.com",
          "schema_version": 0,
          "attributes": {
            "disable_dependent_services": null,
            "disable_on_destroy": false,
            "id": "sakrd-492305/compute.googleapis.com",
            "project": "sakrd-492305",
            "service": "compute.googleapis.com",
            "timeouts": null
          },
          "sensitive_attributes": [],
          "identity_schema_version": 0,
          "private": "eyJlMmJmYjczMC1lY2FhLTExZTYtOGY4OC0zNDM2M2JjN2M0YzAiOnsiY3JlYXRlIjoxMjAwMDAwMDAwMDAwLCJkZWxldGUiOjEyMDAwMDAwMDAwMDAsInJlYWQiOjYwMDAwMDAwMDAwMCwidXBkYXRlIjoxMjAwMDAwMDAwMDAwfX0="
        },
        {
          "index_key": "servicenetworking.googleapis.com",
          "schema_version": 0,
          "attributes": {
            "disable_dependent_services": null,
            "disable_on_destroy": false,
            "id": "sakrd-492305/servicenetworking.googleapis.com",
            "project": "sakrd-492305",
            "service": "servicenetworking.googleapis.com",
            "timeouts": null
          },
          "sensitive_attributes": [],
          "identity_schema_version": 0,
          "private": "eyJlMmJmYjczMC1lY2FhLTExZTYtOGY4OC0zNDM2M2JjN2M0YzAiOnsiY3JlYXRlIjoxMjAwMDAwMDAwMDAwLCJkZWxldGUiOjEyMDAwMDAwMDAwMDAsInJlYWQiOjYwMDAwMDAwMDAwMCwidXBkYXRlIjoxMjAwMDAwMDAwMDAwfX0="
        },
        {
          "index_key": "sqladmin.googleapis.com",
          "schema_version": 0,
          "attributes": {
            "disable_dependent_services": null,
            "disable_on_destroy": false,
            "id": "sakrd-492305/sqladmin.googleapis.com",
            "project": "sakrd-492305",
            "service": "sqladmin.googleapis.com",
            "timeouts": null
          },
          "sensitive_attributes": [],
          "identity_schema_version": 0,
          "private": "eyJlMmJmYjczMC1lY2FhLTExZTYtOGY4OC0zNDM2M2JjN2M0YzAiOnsiY3JlYXRlIjoxMjAwMDAwMDAwMDAwLCJkZWxldGUiOjEyMDAwMDAwMDAwMDAsInJlYWQiOjYwMDAwMDAwMDAwMCwidXBkYXRlIjoxMjAwMDAwMDAwMDAwfX0="
        },
        {
          "index_key": "vpcaccess.googleapis.com",
          "schema_version": 0,
          "attributes": {
            "disable_dependent_services": null,
            "disable_on_destroy": false,
            "id": "sakrd-492305/vpcaccess.googleapis.com",
            "project": "sakrd-492305",
            "service": "vpcaccess.googleapis.com",
            "timeouts": null
          },
          "sensitive_attributes": [],
          "identity_schema_version": 0,
          "private": "eyJlMmJmYjczMC1lY2FhLTExZTYtOGY4OC0zNDM2M2JjN2M0YzAiOnsiY3JlYXRlIjoxMjAwMDAwMDAwMDAwLCJkZWxldGUiOjEyMDAwMDAwMDAwMDAsInJlYWQiOjYwMDAwMDAwMDAwMCwidXBkYXRlIjoxMjAwMDAwMDAwMDAwfX0="
        }
      ]
    },
    {
      "module": "module.postgresql[\"sakrd-sql\"]",
      "mode": "managed",
      "type": "google_secret_manager_secret",
      "name": "sql_dba_credentials_secret",
      "provider": "provider[\"registry.terraform.io/hashicorp/google\"]",
      "instances": [
        {
          "schema_version": 0,
          "attributes": {
            "annotations": null,
            "create_time": "2026-07-13T05:45:01.484229Z",
            "deletion_protection": false,
            "effective_annotations": {},
            "effective_labels": {
              "goog-terraform-provisioned": "true"
            },
            "expire_time": "",
            "id": "projects/sakrd-492305/secrets/sakrd-sql-crds",
            "labels": null,
            "name": "projects/412508760656/secrets/sakrd-sql-crds",
            "project": "sakrd-492305",
            "replication": [
              {
                "auto": [],
                "user_managed": [
                  {
                    "replicas": [
                      {
                        "customer_managed_encryption": [],
                        "location": "asia-south1"
                      },
                      {
                        "customer_managed_encryption": [],
                        "location": "asia-south2"
                      }
                    ]
                  }
                ]
              }
            ],
            "rotation": [],
            "secret_id": "sakrd-sql-crds",
            "tags": null,
            "terraform_labels": {
              "goog-terraform-provisioned": "true"
            },
            "timeouts": null,
            "topics": [],
            "ttl": null,
            "version_aliases": null,
            "version_destroy_ttl": ""
          },
          "sensitive_attributes": [],
          "identity_schema_version": 0,
          "private": "eyJlMmJmYjczMC1lY2FhLTExZTYtOGY4OC0zNDM2M2JjN2M0YzAiOnsiY3JlYXRlIjoxMjAwMDAwMDAwMDAwLCJkZWxldGUiOjEyMDAwMDAwMDAwMDAsInVwZGF0ZSI6MTIwMDAwMDAwMDAwMH19"
        }
      ]
    },
    {
      "module": "module.postgresql[\"sakrd-sql\"]",
      "mode": "managed",
      "type": "google_secret_manager_secret_version",
      "name": "sql_credentials_secret_version",
      "provider": "provider[\"registry.terraform.io/hashicorp/google\"]",
      "instances": [
        {
          "schema_version": 0,
          "attributes": {
            "create_time": "2026-07-13T05:45:07.717939Z",
            "deletion_policy": "DELETE",
            "destroy_time": "",
            "enabled": true,
            "id": "projects/412508760656/secrets/sakrd-sql-crds/versions/1",
            "is_secret_data_base64": false,
            "name": "projects/412508760656/secrets/sakrd-sql-crds/versions/1",
            "secret": "projects/sakrd-492305/secrets/sakrd-sql-crds",
            "secret_data": "F5yYL2-h_JDWDJtI",
            "secret_data_wo": null,
            "secret_data_wo_version": 0,
            "timeouts": null,
            "version": "1"
          },
          "sensitive_attributes": [
            [
              {
                "type": "get_attr",
                "value": "secret_data"
              }
            ]
          ],
          "identity_schema_version": 0,
          "private": "eyJlMmJmYjczMC1lY2FhLTExZTYtOGY4OC0zNDM2M2JjN2M0YzAiOnsiY3JlYXRlIjoxMjAwMDAwMDAwMDAwLCJkZWxldGUiOjEyMDAwMDAwMDAwMDAsInVwZGF0ZSI6MTIwMDAwMDAwMDAwMH19",
          "dependencies": [
            "module.postgresql.google_secret_manager_secret.sql_dba_credentials_secret",
            "module.postgresql.random_password.sql_admin_password"
          ]
        }
      ]
    },
    {
      "module": "module.postgresql[\"sakrd-sql\"]",
      "mode": "managed",
      "type": "google_sql_database_instance",
      "name": "postgres",
      "provider": "provider[\"registry.terraform.io/hashicorp/google\"]",
      "instances": [
        {
          "schema_version": 0,
          "attributes": {
            "available_maintenance_versions": [],
            "clone": [],
            "connection_name": "sakrd-492305:asia-south1:sakrd-sql",
            "database_version": "POSTGRES_17",
            "deletion_protection": false,
            "dns_name": "",
            "dns_names": [],
            "encryption_key_name": null,
            "first_ip_address": "8.231.119.40",
            "id": "sakrd-sql",
            "instance_type": "CLOUD_SQL_INSTANCE",
            "ip_address": [
              {
                "ip_address": "8.231.119.40",
                "time_to_retire": "",
                "type": "PRIMARY"
              },
              {
                "ip_address": "34.93.74.40",
                "time_to_retire": "",
                "type": "OUTGOING"
              },
              {
                "ip_address": "10.153.251.7",
                "time_to_retire": "",
                "type": "PRIVATE"
              }
            ],
            "maintenance_version": "POSTGRES_17_10.R20260319.07_22",
            "master_instance_name": "",
            "name": "sakrd-sql",
            "node_count": 0,
            "private_ip_address": "10.153.251.7",
            "project": "sakrd-492305",
            "psc_service_attachment_link": "",
            "public_ip_address": "8.231.119.40",
            "region": "asia-south1",
            "replica_configuration": [],
            "replica_names": [],
            "replication_cluster": [
              {
                "dr_replica": false,
                "failover_dr_replica_name": "",
                "psa_write_endpoint": ""
              }
            ],
            "restore_backup_context": [],
            "root_password": null,
            "self_link": "https://sqladmin.googleapis.com/sql/v1beta4/projects/sakrd-492305/instances/sakrd-sql",
            "server_ca_cert": [
              {
                "cert": "-----BEGIN CERTIFICATE-----\nMIIDcTCCAlmgAwIBAgIBADANBgkqhkiG9w0BAQsFADBwMS0wKwYDVQQuEyQyYzZj\nOGYwNi0xMmE1LTQ2MzQtYjU4Zi1jNzc4MWY0Y2FkZWUxHDAaBgNVBAMTE0Nsb3Vk\nIFNRTCBTZXJ2ZXIgQ0ExFDASBgNVBAoTC0dvb2dsZSwgSW5jMQswCQYDVQQGEwJV\nUzAeFw0yNjA3MTMwNTQ3MDhaFw0zNjA3MTAwNTQ4MDhaMHAxLTArBgNVBC4TJDJj\nNmM4ZjA2LTEyYTUtNDYzNC1iNThmLWM3NzgxZjRjYWRlZTEcMBoGA1UEAxMTQ2xv\ndWQgU1FMIFNlcnZlciBDQTEUMBIGA1UEChMLR29vZ2xlLCBJbmMxCzAJBgNVBAYT\nAlVTMIIBIjANBgkqhkiG9w0BAQEFAAOCAQ8AMIIBCgKCAQEAzs0X5KAQ9qnWY4JV\ngolabEsWsQ6Exx+3f0/IqZfaUu/XrhSeVviUgdmwzPWVH5+tV3zZCCw9oXDrhjHe\nGd/p2dawi2rYNxhhdQy4w07+3N+NvziuU0IfwA25fOdoRqX+eN0ymXpF9RjF+CbP\nq+tk8VqiMtNRvZz9aphjlYSA7fzx9WlSf51TETMQk5oYom41G00VcQvLYKp7oiRa\n4rfaQfr9xJ5hUyRr+sIKOmBVsnVjdIsFYg2ds2sAd3YKfjgqkciHNShNOUzDbJjE\nbVntGTKOE8sHOH8ijIcoFsGB/gWCdeBUEbi4Ei5a55BUoG8vffL4D3owegjxuniI\n65mIPQIDAQABoxYwFDASBgNVHRMBAf8ECDAGAQH/AgEAMA0GCSqGSIb3DQEBCwUA\nA4IBAQCMQN7RSJ3Bbc1qysMEqzW2dokMymobv9fG6ohIIv05d2GW8rJROcD+uzS2\nOT5Gbd0FL4iaB04E012mO8EfsSu6+Tb6bQoimxVHxB0ceZr2iFVK2yN63/DMe9pw\nOufgg7zVVrBiz9Ve/xkT45xy3WvDOOFAfNeC8IJucjgXgAViCiEbHK0S6/j67DFq\n5b75htdTSOz80/e//dzfrDBYP3f0qVMlmpfLi1Gj9wZdUkQWvbKB0bmvYiMTy0Pj\newLGpxWo5/tqjsc5crCU/1xCwhi2i4ealsuAoYwqB3rtHc1Tib7BvDLepzpDKpTJ\nxM/zxzOMculdMGVFScSxE00tZVyR\n-----END CERTIFICATE-----",
                "common_name": "C=US,O=Google\\, Inc,CN=Cloud SQL Server CA,dnQualifier=2c6c8f06-12a5-4634-b58f-c7781f4cadee",
                "create_time": "2026-07-13T05:47:08.301Z",
                "expiration_time": "2036-07-10T05:48:08.301Z",
                "sha1_fingerprint": "8941105ca32566db4d38aa75a08da849b8a35158"
              }
            ],
            "service_account_email_address": "p412508760656-db4cnf@gcp-sa-cloud-sql.iam.gserviceaccount.com",
            "settings": [
              {
                "activation_policy": "ALWAYS",
                "active_directory_config": [],
                "advanced_machine_features": [],
                "availability_type": "ZONAL",
                "backup_configuration": [
                  {
                    "backup_retention_settings": [
                      {
                        "retained_backups": 7,
                        "retention_unit": "COUNT"
                      }
                    ],
                    "binary_log_enabled": false,
                    "enabled": false,
                    "location": "",
                    "point_in_time_recovery_enabled": false,
                    "start_time": "02:00",
                    "transaction_log_retention_days": 7
                  }
                ],
                "collation": "",
                "connection_pool_config": [],
                "connector_enforcement": "NOT_REQUIRED",
                "data_cache_config": [
                  {
                    "data_cache_enabled": false
                  }
                ],
                "database_flags": [],
                "deletion_protection_enabled": false,
                "deny_maintenance_period": [],
                "disk_autoresize": true,
                "disk_autoresize_limit": 0,
                "disk_size": 10,
                "disk_type": "PD_SSD",
                "edition": "ENTERPRISE",
                "effective_availability_type": "ZONAL",
                "enable_dataplex_integration": false,
                "enable_google_ml_integration": false,
                "insights_config": [],
                "ip_configuration": [
                  {
                    "allocated_ip_range": "ahilkavi-range",
                    "authorized_networks": [],
                    "custom_subject_alternative_names": null,
                    "enable_private_path_for_google_cloud_services": false,
                    "ipv4_enabled": true,
                    "private_network": "projects/sakrd-492305/global/networks/sakrd",
                    "psc_config": [],
                    "server_ca_mode": "GOOGLE_MANAGED_INTERNAL_CA",
                    "server_ca_pool": "",
                    "ssl_mode": "ALLOW_UNENCRYPTED_AND_ENCRYPTED"
                  }
                ],
                "location_preference": [
                  {
                    "follow_gae_application": "",
                    "secondary_zone": "",
                    "zone": "asia-south1-c"
                  }
                ],
                "maintenance_window": [],
                "password_validation_policy": [],
                "pricing_plan": "PER_USE",
                "retain_backups_on_delete": false,
                "sql_server_audit_config": [],
                "tier": "db-custom-2-8192",
                "time_zone": "",
                "user_labels": {},
                "version": 1
              }
            ],
            "timeouts": null
          },
          "sensitive_attributes": [
            [
              {
                "type": "get_attr",
                "value": "root_password"
              }
            ],
            [
              {
                "type": "get_attr",
                "value": "server_ca_cert"
              }
            ]
          ],
          "identity_schema_version": 0,
          "private": "eyJlMmJmYjczMC1lY2FhLTExZTYtOGY4OC0zNDM2M2JjN2M0YzAiOnsiY3JlYXRlIjo1NDAwMDAwMDAwMDAwLCJkZWxldGUiOjU0MDAwMDAwMDAwMDAsInVwZGF0ZSI6NTQwMDAwMDAwMDAwMH19",
          "dependencies": [
            "module.postgresql.google_project_service.enable_apis"
          ]
        }
      ]
    },
    {
      "module": "module.postgresql[\"sakrd-sql\"]",
      "mode": "managed",
      "type": "random_password",
      "name": "sql_admin_password",
      "provider": "provider[\"registry.terraform.io/hashicorp/random\"]",
      "instances": [
        {
          "schema_version": 3,
          "attributes": {
            "bcrypt_hash": "$2a$10$gpoyBxyCSYp9OnPJ85EMg.Zz/m/CS1q6wyWaDCCHfmNRkFwgShBsK",
            "id": "none",
            "keepers": null,
            "length": 16,
            "lower": true,
            "min_lower": 2,
            "min_numeric": 2,
            "min_special": 2,
            "min_upper": 2,
            "number": true,
            "numeric": true,
            "override_special": "_#-",
            "result": "F5yYL2-h_JDWDJtI",
            "special": true,
            "upper": true
          },
          "sensitive_attributes": [
            [
              {
                "type": "get_attr",
                "value": "bcrypt_hash"
              }
            ],
            [
              {
                "type": "get_attr",
                "value": "result"
              }
            ]
          ],
          "identity_schema_version": 0
        }
      ]
    }
  ],
  "check_results": null
}
