{
  "version": 4,
  "terraform_version": "1.12.2",
  "serial": 14,
  "lineage": "4ff63274-6252-b77a-17e7-7d6e73877552",
  "outputs": {},
  "resources": [
    {
      "module": "module.file_creator",
      "mode": "managed",
      "type": "local_file",
      "name": "test_paths",
      "provider": "provider[\"registry.terraform.io/hashicorp/local\"]",
      "instances": [
        {
          "schema_version": 0,
          "attributes": {
            "content": "We love our India and cultures and people and all traditional festivals\r\npath.module = modules/test\r\npath.cwd    = C:/Users/ahilan.swaminathan/Documents/My-Terraform-Code/my-test-local\r\n",
            "content_base64": null,
            "content_base64sha256": "xvhiqZkbpQ/1dlV8hd+1PmqSD+rCKYVaPm/VH1pBAI4=",
            "content_base64sha512": "xa/CGOM7Bg2jyrQbUz/XmeQy6ImKhjhinxS/SrMtOsgZrEK7nb/uNc9+X858WGXwpI7T6wc+AGQHkCe5nHu7SQ==",
            "content_md5": "88ad34f9619a517db134d205bbe9fc5b",
            "content_sha1": "01150d622734455bc6c0450b536a80d7d1f27576",
            "content_sha256": "c6f862a9991ba50ff576557c85dfb53e6a920feac229855a3e6fd51f5a41008e",
            "content_sha512": "c5afc218e33b060da3cab41b533fd799e432e8898a8638629f14bf4ab32d3ac819ac42bb9dbfee35cf7e5fce7c5865f0a48ed3eb073e0064079027b99c7bbb49",
            "directory_permission": "0777",
            "file_permission": "0777",
            "filename": "./cgi1.txt",
            "id": "01150d622734455bc6c0450b536a80d7d1f27576",
            "sensitive_content": null,
            "source": null
          },
          "sensitive_attributes": [
            [
              {
                "type": "get_attr",
                "value": "sensitive_content"
              }
            ]
          ],
          "identity_schema_version": 0
        }
      ]
    }
  ],
  "check_results": null
}
