{
  "version": 4,
  "terraform_version": "1.12.2",
  "serial": 17,
  "lineage": "4ff63274-6252-b77a-17e7-7d6e73877552",
  "outputs": {},
  "resources": [
    {
      "module": "module.file_creator",
      "mode": "managed",
      "type": "local_file",
      "name": "test_paths",
      "provider": "provider[\"registry.terraform.io/hashicorp/local\"]",
      "instances": [
        {
          "schema_version": 0,
          "attributes": {
            "content": "We love our India and cultures and people and all traditional festivals\npath.module = modules/test\npath.cwd    = C:/Users/ahilan.swaminathan/Documents/My-Terraform-Code/my-test-local\npath.root   = .\n",
            "content_base64": null,
            "content_base64sha256": "2t+UP65O8DzrcIo875ctnWVOejRCQRiCvwsoVXRdpuM=",
            "content_base64sha512": "LCqNVlcCsqsxlAej2TFLzO8Xtr6pHFdR5fHG97czytbu/1GX/N525jVZmx5ejszHh+rGkRoOmb8BM8y6juaVnQ==",
            "content_md5": "05e6e6b334f3fabcf05ccc4fdbff4355",
            "content_sha1": "863ca7af6e87a3149f2fc1fdd5a37faf326bd6dd",
            "content_sha256": "dadf943fae4ef03ceb708a3cef972d9d654e7a3442411882bf0b2855745da6e3",
            "content_sha512": "2c2a8d565702b2ab319407a3d9314bccef17b6bea91c5751e5f1c6f7b733cad6eeff5197fcde76e635599b1e5e8eccc787eac6911a0e99bf0133ccba8ee6959d",
            "directory_permission": "0777",
            "file_permission": "0777",
            "filename": "./cgi1.txt",
            "id": "863ca7af6e87a3149f2fc1fdd5a37faf326bd6dd",
            "sensitive_content": null,
            "source": null
          },
          "sensitive_attributes": [
            [
              {
                "type": "get_attr",
                "value": "sensitive_content"
              }
            ]
          ],
          "identity_schema_version": 0
        }
      ]
    }
  ],
  "check_results": null
}
